github.com/deatil/go-cryptobin v1.1.1013 h1:SF4uNijMfuW42Ir8q1YusgSONGbEqlCeXbSbBUkUImE=
github.com/deatil/go-cryptobin v1.1.1013/go.mod h1:x+/+SzyfbxliY2y0Fwe+OoLU0DEt9kWs6OMiwghcfJ0=
github.com/enceve/crypto v0.0.0-20160707101852-34d48bb93815 h1:D22EM5TeYZJp43hGDx6dUng8mvtyYbB9BnE3+BmJR1Q=
github.com/enceve/crypto v0.0.0-20160707101852-34d48bb93815/go.mod h1:wYFFK4LYXbX7j+76mOq7aiC/EAw2S22CrzPHqgsisPw=
golang.org/x/crypto v0.49.0 h1:+Ng2ULVvLHnJ/ZFEq4KdcDd/cfjrrjjNSXNzxg0Y4U4=
golang.org/x/crypto v0.49.0/go.mod h1:ErX4dUh2UM+CFYiXZRTcMpEcN8b/1gxEuv3nODoYtCA=
